
Microsoft Visual Studio Solution File, Format Version 12.00
# Visual Studio Version 16
VisualStudioVersion = 16.0.31112.23
MinimumVisualStudioVersion = 10.0.40219.1
Project("{2150E333-8FDC-42A3-9474-1A3956D46DE8}") = "Chapter02", "Chapter02", "{8605C484-40E9-4CCF-84FC-C7C0C400AD81}"
EndProject
Project("{FAE04EC0-301F-11D3-BF4B-00C04F79EFBC}") = "DistanceConverter", "DistanceConverter\DistanceConverter.csproj", "{C1A6C4AC-049A-4472-B130-65032E401FB2}"
EndProject
Project("{FAE04EC0-301F-11D3-BF4B-00C04F79EFBC}") = "SalesCalculator", "SalesCalculator\SalesCalculator.csproj", "{F4CD0162-4173-45E7-ACA6-2B2AFEAD7EA7}"
EndProject
Project("{FAE04EC0-301F-11D3-BF4B-00C04F79EFBC}") = "Exercise1", "Exercise1\Exercise1.csproj", "{E70CE825-0C93-4AF6-A278-90474278F9EB}"
EndProject
Project("{2150E333-8FDC-42A3-9474-1A3956D46DE8}") = "Exercise", "Exercise", "{0AD2BE96-1E5D-42AC-8273-D445A7B01DAD}"
EndProject
Project("{FAE04EC0-301F-11D3-BF4B-00C04F79EFBC}") = "Exercise2", "Exercise2\Exercise2.csproj", "{7F8AB946-BBCA-4333-A01A-E03B543A4B3E}"
EndProject
Project("{FAE04EC0-301F-11D3-BF4B-00C04F79EFBC}") = "Exercise3", "Excercise3\Exercise3.csproj", "{4A5BDF5E-5653-4BE2-A133-B5172E531ADB}"
EndProject
Project("{2150E333-8FDC-42A3-9474-1A3956D46DE8}") = "Chapter03", "Chapter03", "{7A328A2A-02E4-4DDB-87B0-690B33A3337B}"
EndProject
Project("{FAE04EC0-301F-11D3-BF4B-00C04F79EFBC}") = "Section01", "Section01\Section01.csproj", "{81485095-1074-48B6-8D40-7D978572836D}"
EndProject
Project("{FAE04EC0-301F-11D3-BF4B-00C04F79EFBC}") = "Section01", "chapter04\Section01\Section01.csproj", "{9D4F3E8D-0E4D-45E9-86C3-B44600433C82}"
EndProject
Project("{2150E333-8FDC-42A3-9474-1A3956D46DE8}") = "Chapter04", "Chapter04", "{91FA2AF9-6A35-4B75-B0AD-E464CCC260A0}"
EndProject
Project("{FAE04EC0-301F-11D3-BF4B-00C04F79EFBC}") = "Exercise1", "chapter04\Exercise\Exercise1\Exercise1.csproj", "{38CC699A-CC05-411F-91D2-AC30281622CC}"
EndProject
Project("{2150E333-8FDC-42A3-9474-1A3956D46DE8}") = "Exercise", "Exercise", "{785D3CD7-E552-49C1-BCB5-E534BAFAB07F}"
EndProject
Project("{FAE04EC0-301F-11D3-BF4B-00C04F79EFBC}") = "Exercise2", "chapter04\Exercise\Exercise2\Exercise2.csproj", "{27362ED0-F951-4C97-B796-176BE8239E1B}"
EndProject
Project("{FAE04EC0-301F-11D3-BF4B-00C04F79EFBC}") = "Exercise1", "Chapter05\Exercise1\Exercise1.csproj", "{24610342-3A0A-4312-AFF4-E5B149A7A21B}"
EndProject
Project("{2150E333-8FDC-42A3-9474-1A3956D46DE8}") = "Chapter05", "Chapter05", "{CE15304A-14AF-4109-9FD0-F456ADECD0C8}"
EndProject
Project("{FAE04EC0-301F-11D3-BF4B-00C04F79EFBC}") = "Test01", "TestProject\Test01\Test01.csproj", "{2BFACDC3-F44D-4199-8498-F5C3C4AC0335}"
EndProject
Project("{FAE04EC0-301F-11D3-BF4B-00C04F79EFBC}") = "Test02", "TestProject\Test02\Test02.csproj", "{E461C0A8-8900-485C-B520-E929BA33F712}"
EndProject
Project("{2150E333-8FDC-42A3-9474-1A3956D46DE8}") = "TestProject", "TestProject", "{5986898D-359E-4BF8-AA38-1A04B34758D3}"
EndProject
Project("{FAE04EC0-301F-11D3-BF4B-00C04F79EFBC}") = "Exercise2", "Chapter05\Exercise2\Exercise2.csproj", "{C94E4FFC-9D8F-46B0-BFED-79252219E99F}"
EndProject
Project("{FAE04EC0-301F-11D3-BF4B-00C04F79EFBC}") = "Exercise3", "Chapter05\Exercise3\Exercise3.csproj", "{7E719BAF-561A-4ED1-9B24-FAB68C2FD9CA}"
EndProject
Project("{FAE04EC0-301F-11D3-BF4B-00C04F79EFBC}") = "Section01", "Chapter06\Section01\Section01.csproj", "{E34F7E18-F6AA-430B-9CBC-45352B49AA9C}"
EndProject
Project("{2150E333-8FDC-42A3-9474-1A3956D46DE8}") = "Chapter06", "Chapter06", "{B56E387D-46D9-41D2-A46B-117EDC315DCB}"
EndProject
Project("{FAE04EC0-301F-11D3-BF4B-00C04F79EFBC}") = "Exercise1", "Chapter06\Exercise\Exercise1\Exercise1.csproj", "{0DF32EE7-5B15-4EE5-BC28-3EF2D0E5EE76}"
EndProject
Project("{FAE04EC0-301F-11D3-BF4B-00C04F79EFBC}") = "Exercise2", "Chapter06\Exercise\Exercise2\Exercise2.csproj", "{47F55001-F2C2-4B7D-8EE3-03D3FEE03A16}"
EndProject
Project("{FAE04EC0-301F-11D3-BF4B-00C04F79EFBC}") = "Section3", "Chapter07\Section3\Section3.csproj", "{28E9778F-9F8B-4166-8B6D-DD0676963A36}"
EndProject
Project("{2150E333-8FDC-42A3-9474-1A3956D46DE8}") = "Chapter07", "Chapter07", "{79E923C0-8EEA-45FE-98E1-A8F0EC6F47EE}"
EndProject
Project("{FAE04EC0-301F-11D3-BF4B-00C04F79EFBC}") = "Exercise1", "Chapter07\Exercise1\Exercise1.csproj", "{2B3996A7-6FE1-4B08-A251-560FED32D5F9}"
EndProject
Project("{FAE04EC0-301F-11D3-BF4B-00C04F79EFBC}") = "Exercise1", "Chapter08\Exercise1\Exercise1.csproj", "{A9F60679-B327-4421-8510-32FC5982E543}"
EndProject
Project("{2150E333-8FDC-42A3-9474-1A3956D46DE8}") = "Chapter08", "Chapter08", "{D9349E5B-D255-4650-ACFD-1E89A0876AF2}"
EndProject
Project("{2150E333-8FDC-42A3-9474-1A3956D46DE8}") = "Exercise", "Exercise", "{DF7369B5-C93A-4499-944B-403B05404B6D}"
EndProject
Project("{FAE04EC0-301F-11D3-BF4B-00C04F79EFBC}") = "Exercise1", "Chapter08\Exercise\Exercise1\Exercise1.csproj", "{A352C469-0C2F-418E-A002-7C31EEFFBE55}"
EndProject
Project("{FAE04EC0-301F-11D3-BF4B-00C04F79EFBC}") = "StopWatch", "Chapter08\StopWatch\StopWatch.csproj", "{7BF5FEF2-C196-461E-9B9C-08E94D086D01}"
EndProject
Project("{2150E333-8FDC-42A3-9474-1A3956D46DE8}") = "CarReportSystem", "CarReportSystem", "{76F5095B-9D1A-4412-903C-001AAB39016A}"
EndProject
Project("{FAE04EC0-301F-11D3-BF4B-00C04F79EFBC}") = "CarReportSystem", "CarReportSystem\CarReportSystem\CarReportSystem.csproj", "{1F0C5AC7-679D-4E13-994C-AF06C703096D}"
EndProject
Global
	GlobalSection(SolutionConfigurationPlatforms) = preSolution
		Debug|Any CPU = Debug|Any CPU
		Release|Any CPU = Release|Any CPU
	EndGlobalSection
	GlobalSection(ProjectConfigurationPlatforms) = postSolution
		{C1A6C4AC-049A-4472-B130-65032E401FB2}.Debug|Any CPU.ActiveCfg = Debug|Any CPU
		{C1A6C4AC-049A-4472-B130-65032E401FB2}.Debug|Any CPU.Build.0 = Debug|Any CPU
		{C1A6C4AC-049A-4472-B130-65032E401FB2}.Release|Any CPU.ActiveCfg = Release|Any CPU
		{C1A6C4AC-049A-4472-B130-65032E401FB2}.Release|Any CPU.Build.0 = Release|Any CPU
		{F4CD0162-4173-45E7-ACA6-2B2AFEAD7EA7}.Debug|Any CPU.ActiveCfg = Debug|Any CPU
		{F4CD0162-4173-45E7-ACA6-2B2AFEAD7EA7}.Debug|Any CPU.Build.0 = Debug|Any CPU
		{F4CD0162-4173-45E7-ACA6-2B2AFEAD7EA7}.Release|Any CPU.ActiveCfg = Release|Any CPU
		{F4CD0162-4173-45E7-ACA6-2B2AFEAD7EA7}.Release|Any CPU.Build.0 = Release|Any CPU
		{E70CE825-0C93-4AF6-A278-90474278F9EB}.Debug|Any CPU.ActiveCfg = Debug|Any CPU
		{E70CE825-0C93-4AF6-A278-90474278F9EB}.Debug|Any CPU.Build.0 = Debug|Any CPU
		{E70CE825-0C93-4AF6-A278-90474278F9EB}.Release|Any CPU.ActiveCfg = Release|Any CPU
		{E70CE825-0C93-4AF6-A278-90474278F9EB}.Release|Any CPU.Build.0 = Release|Any CPU
		{7F8AB946-BBCA-4333-A01A-E03B543A4B3E}.Debug|Any CPU.ActiveCfg = Debug|Any CPU
		{7F8AB946-BBCA-4333-A01A-E03B543A4B3E}.Debug|Any CPU.Build.0 = Debug|Any CPU
		{7F8AB946-BBCA-4333-A01A-E03B543A4B3E}.Release|Any CPU.ActiveCfg = Release|Any CPU
		{7F8AB946-BBCA-4333-A01A-E03B543A4B3E}.Release|Any CPU.Build.0 = Release|Any CPU
		{4A5BDF5E-5653-4BE2-A133-B5172E531ADB}.Debug|Any CPU.ActiveCfg = Debug|Any CPU
		{4A5BDF5E-5653-4BE2-A133-B5172E531ADB}.Debug|Any CPU.Build.0 = Debug|Any CPU
		{4A5BDF5E-5653-4BE2-A133-B5172E531ADB}.Release|Any CPU.ActiveCfg = Release|Any CPU
		{4A5BDF5E-5653-4BE2-A133-B5172E531ADB}.Release|Any CPU.Build.0 = Release|Any CPU
		{81485095-1074-48B6-8D40-7D978572836D}.Debug|Any CPU.ActiveCfg = Debug|Any CPU
		{81485095-1074-48B6-8D40-7D978572836D}.Debug|Any CPU.Build.0 = Debug|Any CPU
		{81485095-1074-48B6-8D40-7D978572836D}.Release|Any CPU.ActiveCfg = Release|Any CPU
		{81485095-1074-48B6-8D40-7D978572836D}.Release|Any CPU.Build.0 = Release|Any CPU
		{9D4F3E8D-0E4D-45E9-86C3-B44600433C82}.Debug|Any CPU.ActiveCfg = Debug|Any CPU
		{9D4F3E8D-0E4D-45E9-86C3-B44600433C82}.Debug|Any CPU.Build.0 = Debug|Any CPU
		{9D4F3E8D-0E4D-45E9-86C3-B44600433C82}.Release|Any CPU.ActiveCfg = Release|Any CPU
		{9D4F3E8D-0E4D-45E9-86C3-B44600433C82}.Release|Any CPU.Build.0 = Release|Any CPU
		{38CC699A-CC05-411F-91D2-AC30281622CC}.Debug|Any CPU.ActiveCfg = Debug|Any CPU
		{38CC699A-CC05-411F-91D2-AC30281622CC}.Debug|Any CPU.Build.0 = Debug|Any CPU
		{38CC699A-CC05-411F-91D2-AC30281622CC}.Release|Any CPU.ActiveCfg = Release|Any CPU
		{38CC699A-CC05-411F-91D2-AC30281622CC}.Release|Any CPU.Build.0 = Release|Any CPU
		{27362ED0-F951-4C97-B796-176BE8239E1B}.Debug|Any CPU.ActiveCfg = Debug|Any CPU
		{27362ED0-F951-4C97-B796-176BE8239E1B}.Debug|Any CPU.Build.0 = Debug|Any CPU
		{27362ED0-F951-4C97-B796-176BE8239E1B}.Release|Any CPU.ActiveCfg = Release|Any CPU
		{27362ED0-F951-4C97-B796-176BE8239E1B}.Release|Any CPU.Build.0 = Release|Any CPU
		{24610342-3A0A-4312-AFF4-E5B149A7A21B}.Debug|Any CPU.ActiveCfg = Debug|Any CPU
		{24610342-3A0A-4312-AFF4-E5B149A7A21B}.Debug|Any CPU.Build.0 = Debug|Any CPU
		{24610342-3A0A-4312-AFF4-E5B149A7A21B}.Release|Any CPU.ActiveCfg = Release|Any CPU
		{24610342-3A0A-4312-AFF4-E5B149A7A21B}.Release|Any CPU.Build.0 = Release|Any CPU
		{2BFACDC3-F44D-4199-8498-F5C3C4AC0335}.Debug|Any CPU.ActiveCfg = Debug|Any CPU
		{2BFACDC3-F44D-4199-8498-F5C3C4AC0335}.Debug|Any CPU.Build.0 = Debug|Any CPU
		{2BFACDC3-F44D-4199-8498-F5C3C4AC0335}.Release|Any CPU.ActiveCfg = Release|Any CPU
		{2BFACDC3-F44D-4199-8498-F5C3C4AC0335}.Release|Any CPU.Build.0 = Release|Any CPU
		{E461C0A8-8900-485C-B520-E929BA33F712}.Debug|Any CPU.ActiveCfg = Debug|Any CPU
		{E461C0A8-8900-485C-B520-E929BA33F712}.Debug|Any CPU.Build.0 = Debug|Any CPU
		{E461C0A8-8900-485C-B520-E929BA33F712}.Release|Any CPU.ActiveCfg = Release|Any CPU
		{E461C0A8-8900-485C-B520-E929BA33F712}.Release|Any CPU.Build.0 = Release|Any CPU
		{C94E4FFC-9D8F-46B0-BFED-79252219E99F}.Debug|Any CPU.ActiveCfg = Debug|Any CPU
		{C94E4FFC-9D8F-46B0-BFED-79252219E99F}.Debug|Any CPU.Build.0 = Debug|Any CPU
		{C94E4FFC-9D8F-46B0-BFED-79252219E99F}.Release|Any CPU.ActiveCfg = Release|Any CPU
		{C94E4FFC-9D8F-46B0-BFED-79252219E99F}.Release|Any CPU.Build.0 = Release|Any CPU
		{7E719BAF-561A-4ED1-9B24-FAB68C2FD9CA}.Debug|Any CPU.ActiveCfg = Debug|Any CPU
		{7E719BAF-561A-4ED1-9B24-FAB68C2FD9CA}.Debug|Any CPU.Build.0 = Debug|Any CPU
		{7E719BAF-561A-4ED1-9B24-FAB68C2FD9CA}.Release|Any CPU.ActiveCfg = Release|Any CPU
		{7E719BAF-561A-4ED1-9B24-FAB68C2FD9CA}.Release|Any CPU.Build.0 = Release|Any CPU
		{E34F7E18-F6AA-430B-9CBC-45352B49AA9C}.Debug|Any CPU.ActiveCfg = Debug|Any CPU
		{E34F7E18-F6AA-430B-9CBC-45352B49AA9C}.Debug|Any CPU.Build.0 = Debug|Any CPU
		{E34F7E18-F6AA-430B-9CBC-45352B49AA9C}.Release|Any CPU.ActiveCfg = Release|Any CPU
		{E34F7E18-F6AA-430B-9CBC-45352B49AA9C}.Release|Any CPU.Build.0 = Release|Any CPU
		{0DF32EE7-5B15-4EE5-BC28-3EF2D0E5EE76}.Debug|Any CPU.ActiveCfg = Debug|Any CPU
		{0DF32EE7-5B15-4EE5-BC28-3EF2D0E5EE76}.Debug|Any CPU.Build.0 = Debug|Any CPU
		{0DF32EE7-5B15-4EE5-BC28-3EF2D0E5EE76}.Release|Any CPU.ActiveCfg = Release|Any CPU
		{0DF32EE7-5B15-4EE5-BC28-3EF2D0E5EE76}.Release|Any CPU.Build.0 = Release|Any CPU
		{47F55001-F2C2-4B7D-8EE3-03D3FEE03A16}.Debug|Any CPU.ActiveCfg = Debug|Any CPU
		{47F55001-F2C2-4B7D-8EE3-03D3FEE03A16}.Debug|Any CPU.Build.0 = Debug|Any CPU
		{47F55001-F2C2-4B7D-8EE3-03D3FEE03A16}.Release|Any CPU.ActiveCfg = Release|Any CPU
		{47F55001-F2C2-4B7D-8EE3-03D3FEE03A16}.Release|Any CPU.Build.0 = Release|Any CPU
		{28E9778F-9F8B-4166-8B6D-DD0676963A36}.Debug|Any CPU.ActiveCfg = Debug|Any CPU
		{28E9778F-9F8B-4166-8B6D-DD0676963A36}.Debug|Any CPU.Build.0 = Debug|Any CPU
		{28E9778F-9F8B-4166-8B6D-DD0676963A36}.Release|Any CPU.ActiveCfg = Release|Any CPU
		{28E9778F-9F8B-4166-8B6D-DD0676963A36}.Release|Any CPU.Build.0 = Release|Any CPU
		{2B3996A7-6FE1-4B08-A251-560FED32D5F9}.Debug|Any CPU.ActiveCfg = Debug|Any CPU
		{2B3996A7-6FE1-4B08-A251-560FED32D5F9}.Debug|Any CPU.Build.0 = Debug|Any CPU
		{2B3996A7-6FE1-4B08-A251-560FED32D5F9}.Release|Any CPU.ActiveCfg = Release|Any CPU
		{2B3996A7-6FE1-4B08-A251-560FED32D5F9}.Release|Any CPU.Build.0 = Release|Any CPU
		{A9F60679-B327-4421-8510-32FC5982E543}.Debug|Any CPU.ActiveCfg = Debug|Any CPU
		{A9F60679-B327-4421-8510-32FC5982E543}.Debug|Any CPU.Build.0 = Debug|Any CPU
		{A9F60679-B327-4421-8510-32FC5982E543}.Release|Any CPU.ActiveCfg = Release|Any CPU
		{A9F60679-B327-4421-8510-32FC5982E543}.Release|Any CPU.Build.0 = Release|Any CPU
		{A352C469-0C2F-418E-A002-7C31EEFFBE55}.Debug|Any CPU.ActiveCfg = Debug|Any CPU
		{A352C469-0C2F-418E-A002-7C31EEFFBE55}.Debug|Any CPU.Build.0 = Debug|Any CPU
		{A352C469-0C2F-418E-A002-7C31EEFFBE55}.Release|Any CPU.ActiveCfg = Release|Any CPU
		{A352C469-0C2F-418E-A002-7C31EEFFBE55}.Release|Any CPU.Build.0 = Release|Any CPU
		{7BF5FEF2-C196-461E-9B9C-08E94D086D01}.Debug|Any CPU.ActiveCfg = Debug|Any CPU
		{7BF5FEF2-C196-461E-9B9C-08E94D086D01}.Debug|Any CPU.Build.0 = Debug|Any CPU
		{7BF5FEF2-C196-461E-9B9C-08E94D086D01}.Release|Any CPU.ActiveCfg = Release|Any CPU
		{7BF5FEF2-C196-461E-9B9C-08E94D086D01}.Release|Any CPU.Build.0 = Release|Any CPU
		{1F0C5AC7-679D-4E13-994C-AF06C703096D}.Debug|Any CPU.ActiveCfg = Debug|Any CPU
		{1F0C5AC7-679D-4E13-994C-AF06C703096D}.Debug|Any CPU.Build.0 = Debug|Any CPU
		{1F0C5AC7-679D-4E13-994C-AF06C703096D}.Release|Any CPU.ActiveCfg = Release|Any CPU
		{1F0C5AC7-679D-4E13-994C-AF06C703096D}.Release|Any CPU.Build.0 = Release|Any CPU
	EndGlobalSection
	GlobalSection(SolutionProperties) = preSolution
		HideSolutionNode = FALSE
	EndGlobalSection
	GlobalSection(NestedProjects) = preSolution
		{C1A6C4AC-049A-4472-B130-65032E401FB2} = {8605C484-40E9-4CCF-84FC-C7C0C400AD81}
		{F4CD0162-4173-45E7-ACA6-2B2AFEAD7EA7} = {8605C484-40E9-4CCF-84FC-C7C0C400AD81}
		{E70CE825-0C93-4AF6-A278-90474278F9EB} = {0AD2BE96-1E5D-42AC-8273-D445A7B01DAD}
		{0AD2BE96-1E5D-42AC-8273-D445A7B01DAD} = {8605C484-40E9-4CCF-84FC-C7C0C400AD81}
		{7F8AB946-BBCA-4333-A01A-E03B543A4B3E} = {0AD2BE96-1E5D-42AC-8273-D445A7B01DAD}
		{4A5BDF5E-5653-4BE2-A133-B5172E531ADB} = {0AD2BE96-1E5D-42AC-8273-D445A7B01DAD}
		{81485095-1074-48B6-8D40-7D978572836D} = {7A328A2A-02E4-4DDB-87B0-690B33A3337B}
		{9D4F3E8D-0E4D-45E9-86C3-B44600433C82} = {91FA2AF9-6A35-4B75-B0AD-E464CCC260A0}
		{38CC699A-CC05-411F-91D2-AC30281622CC} = {785D3CD7-E552-49C1-BCB5-E534BAFAB07F}
		{785D3CD7-E552-49C1-BCB5-E534BAFAB07F} = {91FA2AF9-6A35-4B75-B0AD-E464CCC260A0}
		{27362ED0-F951-4C97-B796-176BE8239E1B} = {785D3CD7-E552-49C1-BCB5-E534BAFAB07F}
		{24610342-3A0A-4312-AFF4-E5B149A7A21B} = {CE15304A-14AF-4109-9FD0-F456ADECD0C8}
		{2BFACDC3-F44D-4199-8498-F5C3C4AC0335} = {5986898D-359E-4BF8-AA38-1A04B34758D3}
		{E461C0A8-8900-485C-B520-E929BA33F712} = {5986898D-359E-4BF8-AA38-1A04B34758D3}
		{C94E4FFC-9D8F-46B0-BFED-79252219E99F} = {CE15304A-14AF-4109-9FD0-F456ADECD0C8}
		{7E719BAF-561A-4ED1-9B24-FAB68C2FD9CA} = {CE15304A-14AF-4109-9FD0-F456ADECD0C8}
		{E34F7E18-F6AA-430B-9CBC-45352B49AA9C} = {B56E387D-46D9-41D2-A46B-117EDC315DCB}
		{0DF32EE7-5B15-4EE5-BC28-3EF2D0E5EE76} = {B56E387D-46D9-41D2-A46B-117EDC315DCB}
		{47F55001-F2C2-4B7D-8EE3-03D3FEE03A16} = {B56E387D-46D9-41D2-A46B-117EDC315DCB}
		{28E9778F-9F8B-4166-8B6D-DD0676963A36} = {79E923C0-8EEA-45FE-98E1-A8F0EC6F47EE}
		{2B3996A7-6FE1-4B08-A251-560FED32D5F9} = {79E923C0-8EEA-45FE-98E1-A8F0EC6F47EE}
		{A9F60679-B327-4421-8510-32FC5982E543} = {D9349E5B-D255-4650-ACFD-1E89A0876AF2}
		{DF7369B5-C93A-4499-944B-403B05404B6D} = {D9349E5B-D255-4650-ACFD-1E89A0876AF2}
		{A352C469-0C2F-418E-A002-7C31EEFFBE55} = {DF7369B5-C93A-4499-944B-403B05404B6D}
		{7BF5FEF2-C196-461E-9B9C-08E94D086D01} = {DF7369B5-C93A-4499-944B-403B05404B6D}
		{1F0C5AC7-679D-4E13-994C-AF06C703096D} = {76F5095B-9D1A-4412-903C-001AAB39016A}
	EndGlobalSection
	GlobalSection(ExtensibilityGlobals) = postSolution
		SolutionGuid = {852FC4EA-B7A3-4614-A542-CFBEB62FFFDF}
	EndGlobalSection
EndGlobal
